
Microsoft Visual Studio Solution File, Format Version 12.00
# Visual Studio 2012
Project("{FAE04EC0-301F-11D3-BF4B-00C04F79EFBC}") = "SportsStore.WebUI", "SportsStore.WebUI\SportsStore.WebUI.csproj", "{BD72DD77-E995-452B-9DD2-3EA88B30BBF0}"
EndProject
Project("{FAE04EC0-301F-11D3-BF4B-00C04F79EFBC}") = "SportsStore.Domain", "SportsStore.Domain\SportsStore.Domain.csproj", "{EBC89B7A-04B6-4B71-A298-1034452BA9AF}"
EndProject
Project("{FAE04EC0-301F-11D3-BF4B-00C04F79EFBC}") = "SportsStore.UnitTests", "SportsStore.UnitTests\SportsStore.UnitTests.csproj", "{2F240042-377C-4D20-B7CA-78E832CB4663}"
EndProject
Global
	GlobalSection(SolutionConfigurationPlatforms) = preSolution
		Debug|Any CPU = Debug|Any CPU
		Release|Any CPU = Release|Any CPU
	EndGlobalSection
	GlobalSection(ProjectConfigurationPlatforms) = postSolution
		{BD72DD77-E995-452B-9DD2-3EA88B30BBF0}.Debug|Any CPU.ActiveCfg = Debug|Any CPU
		{BD72DD77-E995-452B-9DD2-3EA88B30BBF0}.Debug|Any CPU.Build.0 = Debug|Any CPU
		{BD72DD77-E995-452B-9DD2-3EA88B30BBF0}.Release|Any CPU.ActiveCfg = Release|Any CPU
		{BD72DD77-E995-452B-9DD2-3EA88B30BBF0}.Release|Any CPU.Build.0 = Release|Any CPU
		{EBC89B7A-04B6-4B71-A298-1034452BA9AF}.Debug|Any CPU.ActiveCfg = Debug|Any CPU
		{EBC89B7A-04B6-4B71-A298-1034452BA9AF}.Debug|Any CPU.Build.0 = Debug|Any CPU
		{EBC89B7A-04B6-4B71-A298-1034452BA9AF}.Release|Any CPU.ActiveCfg = Release|Any CPU
		{EBC89B7A-04B6-4B71-A298-1034452BA9AF}.Release|Any CPU.Build.0 = Release|Any CPU
		{2F240042-377C-4D20-B7CA-78E832CB4663}.Debug|Any CPU.ActiveCfg = Debug|Any CPU
		{2F240042-377C-4D20-B7CA-78E832CB4663}.Debug|Any CPU.Build.0 = Debug|Any CPU
		{2F240042-377C-4D20-B7CA-78E832CB4663}.Release|Any CPU.ActiveCfg = Release|Any CPU
		{2F240042-377C-4D20-B7CA-78E832CB4663}.Release|Any CPU.Build.0 = Release|Any CPU
	EndGlobalSection
	GlobalSection(SolutionProperties) = preSolution
		HideSolutionNode = FALSE
	EndGlobalSection
EndGlobal
